
Microsoft Visual Studio Solution File, Format Version 12.00
# Visual Studio Version 17
VisualStudioVersion = 17.0.31912.275
MinimumVisualStudioVersion = 10.0.40219.1
Project("{9A19103F-16F7-4668-BE54-9A1E7A4F7556}") = "AdventOfCode.Day1", "AdventOfCode.Day1\AdventOfCode.Day1.csproj", "{30D95749-2FB6-4A37-8231-C4D064F7371A}"
EndProject
Project("{9A19103F-16F7-4668-BE54-9A1E7A4F7556}") = "AdventOfCode.Day2", "AdventOfCode.Day2\AdventOfCode.Day2.csproj", "{AAA2286F-B532-49B0-A6D1-A11416D1EBF6}"
EndProject
Project("{9A19103F-16F7-4668-BE54-9A1E7A4F7556}") = "AdventOfCode.Day3", "AdventOfCode.Day3\AdventOfCode.Day3.csproj", "{A00839BB-92BF-4A21-9B86-FD9226C41666}"
EndProject
Project("{FAE04EC0-301F-11D3-BF4B-00C04F79EFBC}") = "AdventOfCode.Day4", "AdventOfCode.Day4\AdventOfCode.Day4.csproj", "{BF8D82DE-F19A-4A19-9A6E-FCDA82DB4E00}"
EndProject
Project("{FAE04EC0-301F-11D3-BF4B-00C04F79EFBC}") = "AdventOfCode.Day5", "AdventOfCode.Day5\AdventOfCode.Day5.csproj", "{2198517C-5D61-465F-820D-3030670756BC}"
EndProject
Global
	GlobalSection(SolutionConfigurationPlatforms) = preSolution
		Debug|Any CPU = Debug|Any CPU
		Release|Any CPU = Release|Any CPU
	EndGlobalSection
	GlobalSection(ProjectConfigurationPlatforms) = postSolution
		{30D95749-2FB6-4A37-8231-C4D064F7371A}.Debug|Any CPU.ActiveCfg = Debug|Any CPU
		{30D95749-2FB6-4A37-8231-C4D064F7371A}.Debug|Any CPU.Build.0 = Debug|Any CPU
		{30D95749-2FB6-4A37-8231-C4D064F7371A}.Release|Any CPU.ActiveCfg = Release|Any CPU
		{30D95749-2FB6-4A37-8231-C4D064F7371A}.Release|Any CPU.Build.0 = Release|Any CPU
		{AAA2286F-B532-49B0-A6D1-A11416D1EBF6}.Debug|Any CPU.ActiveCfg = Debug|Any CPU
		{AAA2286F-B532-49B0-A6D1-A11416D1EBF6}.Debug|Any CPU.Build.0 = Debug|Any CPU
		{AAA2286F-B532-49B0-A6D1-A11416D1EBF6}.Release|Any CPU.ActiveCfg = Release|Any CPU
		{AAA2286F-B532-49B0-A6D1-A11416D1EBF6}.Release|Any CPU.Build.0 = Release|Any CPU
		{A00839BB-92BF-4A21-9B86-FD9226C41666}.Debug|Any CPU.ActiveCfg = Debug|Any CPU
		{A00839BB-92BF-4A21-9B86-FD9226C41666}.Debug|Any CPU.Build.0 = Debug|Any CPU
		{A00839BB-92BF-4A21-9B86-FD9226C41666}.Release|Any CPU.ActiveCfg = Release|Any CPU
		{A00839BB-92BF-4A21-9B86-FD9226C41666}.Release|Any CPU.Build.0 = Release|Any CPU
		{BF8D82DE-F19A-4A19-9A6E-FCDA82DB4E00}.Debug|Any CPU.ActiveCfg = Debug|Any CPU
		{BF8D82DE-F19A-4A19-9A6E-FCDA82DB4E00}.Debug|Any CPU.Build.0 = Debug|Any CPU
		{BF8D82DE-F19A-4A19-9A6E-FCDA82DB4E00}.Release|Any CPU.ActiveCfg = Release|Any CPU
		{BF8D82DE-F19A-4A19-9A6E-FCDA82DB4E00}.Release|Any CPU.Build.0 = Release|Any CPU
		{2198517C-5D61-465F-820D-3030670756BC}.Debug|Any CPU.ActiveCfg = Debug|Any CPU
		{2198517C-5D61-465F-820D-3030670756BC}.Debug|Any CPU.Build.0 = Debug|Any CPU
		{2198517C-5D61-465F-820D-3030670756BC}.Release|Any CPU.ActiveCfg = Release|Any CPU
		{2198517C-5D61-465F-820D-3030670756BC}.Release|Any CPU.Build.0 = Release|Any CPU
	EndGlobalSection
	GlobalSection(SolutionProperties) = preSolution
		HideSolutionNode = FALSE
	EndGlobalSection
	GlobalSection(ExtensibilityGlobals) = postSolution
		SolutionGuid = {EDBC0AA6-5E3A-42E4-9290-E0C2488577A7}
	EndGlobalSection
EndGlobal
